
Microsoft Visual Studio Solution File, Format Version 12.00
# Visual Studio Version 16
VisualStudioVersion = 16.0.810.3
MinimumVisualStudioVersion = 10.0.40219.1
Project("{FAE04EC0-301F-11D3-BF4B-00C04F79EFBC}") = "fighting-boris", "fighting-boris\fighting-boris.csproj", "{18BB17B8-3682-4142-A540-4EC4F6AD4BD4}"
EndProject
Global
	GlobalSection(SolutionConfigurationPlatforms) = preSolution
		Debug|Any CPU = Debug|Any CPU
		Release|Any CPU = Release|Any CPU
	EndGlobalSection
	GlobalSection(ProjectConfigurationPlatforms) = postSolution
		{18BB17B8-3682-4142-A540-4EC4F6AD4BD4}.Debug|Any CPU.ActiveCfg = Debug|Any CPU
		{18BB17B8-3682-4142-A540-4EC4F6AD4BD4}.Debug|Any CPU.Build.0 = Debug|Any CPU
		{18BB17B8-3682-4142-A540-4EC4F6AD4BD4}.Release|Any CPU.ActiveCfg = Release|Any CPU
		{18BB17B8-3682-4142-A540-4EC4F6AD4BD4}.Release|Any CPU.Build.0 = Release|Any CPU
	EndGlobalSection
	GlobalSection(SolutionProperties) = preSolution
		HideSolutionNode = FALSE
	EndGlobalSection
	GlobalSection(ExtensibilityGlobals) = postSolution
		SolutionGuid = {078A1F28-8F1A-4900-8BCF-B662538D893C}
	EndGlobalSection
EndGlobal
